
Microsoft Visual Studio Solution File, Format Version 12.00
# Visual Studio Version 17
VisualStudioVersion = 17.0.32126.317
MinimumVisualStudioVersion = 10.0.40219.1
Project("{FAE04EC0-301F-11D3-BF4B-00C04F79EFBC}") = "piramide", "piramide.csproj", "{BE5D91D1-D591-4816-AF15-F5CFDB546B0D}"
EndProject
Global
	GlobalSection(SolutionConfigurationPlatforms) = preSolution
		Debug|Any CPU = Debug|Any CPU
		Release|Any CPU = Release|Any CPU
	EndGlobalSection
	GlobalSection(ProjectConfigurationPlatforms) = postSolution
		{BE5D91D1-D591-4816-AF15-F5CFDB546B0D}.Debug|Any CPU.ActiveCfg = Debug|Any CPU
		{BE5D91D1-D591-4816-AF15-F5CFDB546B0D}.Debug|Any CPU.Build.0 = Debug|Any CPU
		{BE5D91D1-D591-4816-AF15-F5CFDB546B0D}.Release|Any CPU.ActiveCfg = Release|Any CPU
		{BE5D91D1-D591-4816-AF15-F5CFDB546B0D}.Release|Any CPU.Build.0 = Release|Any CPU
	EndGlobalSection
	GlobalSection(SolutionProperties) = preSolution
		HideSolutionNode = FALSE
	EndGlobalSection
	GlobalSection(ExtensibilityGlobals) = postSolution
		SolutionGuid = {8265191D-51C8-4487-BA1D-8E27BCF2523E}
	EndGlobalSection
EndGlobal
